// !$*UTF8*$!
{
	archiveVersion = 1;
	classes = {
	};
	objectVersion = 50;
	objects = {

/* Begin PBXBuildFile section */
		191E847B2396A541002E1DAD /* AppDelegate.swift in Sources */ = {isa = PBXBuildFile; fileRef = 191E847A2396A541002E1DAD /* AppDelegate.swift */; };
		191E847D2396A541002E1DAD /* SceneDelegate.swift in Sources */ = {isa = PBXBuildFile; fileRef = 191E847C2396A541002E1DAD /* SceneDelegate.swift */; };
		191E847F2396A541002E1DAD /* AuthView.swift in Sources */ = {isa = PBXBuildFile; fileRef = 191E847E2396A541002E1DAD /* AuthView.swift */; };
		191E84812396A542002E1DAD /* Assets.xcassets in Resources */ = {isa = PBXBuildFile; fileRef = 191E84802396A542002E1DAD /* Assets.xcassets */; };
		191E84842396A542002E1DAD /* Preview Assets.xcassets in Resources */ = {isa = PBXBuildFile; fileRef = 191E84832396A542002E1DAD /* Preview Assets.xcassets */; };
		191E84872396A542002E1DAD /* LaunchScreen.storyboard in Resources */ = {isa = PBXBuildFile; fileRef = 191E84852396A542002E1DAD /* LaunchScreen.storyboard */; };
		191E84922396A542002E1DAD /* doaTests.swift in Sources */ = {isa = PBXBuildFile; fileRef = 191E84912396A542002E1DAD /* doaTests.swift */; };
		191E849D2396A542002E1DAD /* doaUITests.swift in Sources */ = {isa = PBXBuildFile; fileRef = 191E849C2396A542002E1DAD /* doaUITests.swift */; };
		19ADAB8D239954B400D2AA70 /* PasswordView.swift in Sources */ = {isa = PBXBuildFile; fileRef = 19ADAB8C239954B400D2AA70 /* PasswordView.swift */; };
/* End PBXBuildFile section */

/* Begin PBXContainerItemProxy section */
		191E848E2396A542002E1DAD /* PBXContainerItemProxy */ = {
			isa = PBXContainerItemProxy;
			containerPortal = 191E846F2396A541002E1DAD /* Project object */;
			proxyType = 1;
			remoteGlobalIDString = 191E84762396A541002E1DAD;
			remoteInfo = doa;
		};
		191E84992396A542002E1DAD /* PBXContainerItemProxy */ = {
			isa = PBXContainerItemProxy;
			containerPortal = 191E846F2396A541002E1DAD /* Project object */;
			proxyType = 1;
			remoteGlobalIDString = 191E84762396A541002E1DAD;
			remoteInfo = doa;
		};
/* End PBXContainerItemProxy section */

/* Begin PBXFileReference section */
		191E84772396A541002E1DAD /* doa.app */ = {isa = PBXFileReference; explicitFileType = wrapper.application; includeInIndex = 0; path = doa.app; sourceTree = BUILT_PRODUCTS_DIR; };
		191E847A2396A541002E1DAD /* AppDelegate.swift */ = {isa = PBXFileReference; lastKnownFileType = sourcecode.swift; path = AppDelegate.swift; sourceTree = "<group>"; };
		191E847C2396A541002E1DAD /* SceneDelegate.swift */ = {isa = PBXFileReference; lastKnownFileType = sourcecode.swift; path = SceneDelegate.swift; sourceTree = "<group>"; };
		191E847E2396A541002E1DAD /* AuthView.swift */ = {isa = PBXFileReference; lastKnownFileType = sourcecode.swift; path = AuthView.swift; sourceTree = "<group>"; };
		191E84802396A542002E1DAD /* Assets.xcassets */ = {isa = PBXFileReference; lastKnownFileType = folder.assetcatalog; path = Assets.xcassets; sourceTree = "<group>"; };
		191E84832396A542002E1DAD /* Preview Assets.xcassets */ = {isa = PBXFileReference; lastKnownFileType = folder.assetcatalog; path = "Preview Assets.xcassets"; sourceTree = "<group>"; };
		191E84862396A542002E1DAD /* Base */ = {isa = PBXFileReference; lastKnownFileType = file.storyboard; name = Base; path = Base.lproj/LaunchScreen.storyboard; sourceTree = "<group>"; };
		191E84882396A542002E1DAD /* Info.plist */ = {isa = PBXFileReference; lastKnownFileType = text.plist.xml; path = Info.plist; sourceTree = "<group>"; };
		191E848D2396A542002E1DAD /* doaTests.xctest */ = {isa = PBXFileReference; explicitFileType = wrapper.cfbundle; includeInIndex = 0; path = doaTests.xctest; sourceTree = BUILT_PRODUCTS_DIR; };
		191E84912396A542002E1DAD /* doaTests.swift */ = {isa = PBXFileReference; lastKnownFileType = sourcecode.swift; path = doaTests.swift; sourceTree = "<group>"; };
		191E84932396A542002E1DAD /* Info.plist */ = {isa = PBXFileReference; lastKnownFileType = text.plist.xml; path = Info.plist; sourceTree = "<group>"; };
		191E84982396A542002E1DAD /* doaUITests.xctest */ = {isa = PBXFileReference; explicitFileType = wrapper.cfbundle; includeInIndex = 0; path = doaUITests.xctest; sourceTree = BUILT_PRODUCTS_DIR; };
		191E849C2396A542002E1DAD /* doaUITests.swift */ = {isa = PBXFileReference; lastKnownFileType = sourcecode.swift; path = doaUITests.swift; sourceTree = "<group>"; };
		191E849E2396A542002E1DAD /* Info.plist */ = {isa = PBXFileReference; lastKnownFileType = text.plist.xml; path = Info.plist; sourceTree = "<group>"; };
		19ADAB8C239954B400D2AA70 /* PasswordView.swift */ = {isa = PBXFileReference; lastKnownFileType = sourcecode.swift; path = PasswordView.swift; sourceTree = "<group>"; };
/* End PBXFileReference section */

/* Begin PBXFrameworksBuildPhase section */
		191E84742396A541002E1DAD /* Frameworks */ = {
			isa = PBXFrameworksBuildPhase;
			buildActionMask = 2147483647;
			files = (
			);
			runOnlyForDeploymentPostprocessing = 0;
		};
		191E848A2396A542002E1DAD /* Frameworks */ = {
			isa = PBXFrameworksBuildPhase;
			buildActionMask = 2147483647;
			files = (
			);
			runOnlyForDeploymentPostprocessing = 0;
		};
		191E84952396A542002E1DAD /* Frameworks */ = {
			isa = PBXFrameworksBuildPhase;
			buildActionMask = 2147483647;
			files = (
			);
			runOnlyForDeploymentPostprocessing = 0;
		};
/* End PBXFrameworksBuildPhase section */

/* Begin PBXGroup section */
		191E846E2396A541002E1DAD = {
			isa = PBXGroup;
			children = (
				191E84792396A541002E1DAD /* doa */,
				191E84902396A542002E1DAD /* doaTests */,
				191E849B2396A542002E1DAD /* doaUITests */,
				191E84782396A541002E1DAD /* Products */,
			);
			sourceTree = "<group>";
		};
		191E84782396A541002E1DAD /* Products */ = {
			isa = PBXGroup;
			children = (
				191E84772396A541002E1DAD /* doa.app */,
				191E848D2396A542002E1DAD /* doaTests.xctest */,
				191E84982396A542002E1DAD /* doaUITests.xctest */,
			);
			name = Products;
			sourceTree = "<group>";
		};
		191E84792396A541002E1DAD /* doa */ = {
			isa = PBXGroup;
			children = (
				19ADAB892399537900D2AA70 /* register */,
				191E847A2396A541002E1DAD /* AppDelegate.swift */,
				191E847C2396A541002E1DAD /* SceneDelegate.swift */,
				191E84802396A542002E1DAD /* Assets.xcassets */,
				191E84852396A542002E1DAD /* LaunchScreen.storyboard */,
				191E84882396A542002E1DAD /* Info.plist */,
				191E84822396A542002E1DAD /* Preview Content */,
			);
			path = doa;
			sourceTree = "<group>";
		};
		191E84822396A542002E1DAD /* Preview Content */ = {
			isa = PBXGroup;
			children = (
				191E84832396A542002E1DAD /* Preview Assets.xcassets */,
			);
			path = "Preview Content";
			sourceTree = "<group>";
		};
		191E84902396A542002E1DAD /* doaTests */ = {
			isa = PBXGroup;
			children = (
				191E84912396A542002E1DAD /* doaTests.swift */,
				191E84932396A542002E1DAD /* Info.plist */,
			);
			path = doaTests;
			sourceTree = "<group>";
		};
		191E849B2396A542002E1DAD /* doaUITests */ = {
			isa = PBXGroup;
			children = (
				191E849C2396A542002E1DAD /* doaUITests.swift */,
				191E849E2396A542002E1DAD /* Info.plist */,
			);
			path = doaUITests;
			sourceTree = "<group>";
		};
		19ADAB892399537900D2AA70 /* register */ = {
			isa = PBXGroup;
			children = (
				19ADAB8B2399539F00D2AA70 /* password */,
				19ADAB8A2399539200D2AA70 /* auth */,
			);
			path = register;
			sourceTree = "<group>";
		};
		19ADAB8A2399539200D2AA70 /* auth */ = {
			isa = PBXGroup;
			children = (
				191E847E2396A541002E1DAD /* AuthView.swift */,
			);
			path = auth;
			sourceTree = "<group>";
		};
		19ADAB8B2399539F00D2AA70 /* password */ = {
			isa = PBXGroup;
			children = (
				19ADAB8C239954B400D2AA70 /* PasswordView.swift */,
			);
			path = password;
			sourceTree = "<group>";
		};
/* End PBXGroup section */

/* Begin PBXNativeTarget section */
		191E84762396A541002E1DAD /* doa */ = {
			isa = PBXNativeTarget;
			buildConfigurationList = 191E84A12396A542002E1DAD /* Build configuration list for PBXNativeTarget "doa" */;
			buildPhases = (
				191E84732396A541002E1DAD /* Sources */,
				191E84742396A541002E1DAD /* Frameworks */,
				191E84752396A541002E1DAD /* Resources */,
			);
			buildRules = (
			);
			dependencies = (
			);
			name = doa;
			productName = doa;
			productReference = 191E84772396A541002E1DAD /* doa.app */;
			productType = "com.apple.product-type.application";
		};
		191E848C2396A542002E1DAD /* doaTests */ = {
			isa = PBXNativeTarget;
			buildConfigurationList = 191E84A42396A542002E1DAD /* Build configuration list for PBXNativeTarget "doaTests" */;
			buildPhases = (
				191E84892396A542002E1DAD /* Sources */,
				191E848A2396A542002E1DAD /* Frameworks */,
				191E848B2396A542002E1DAD /* Resources */,
			);
			buildRules = (
			);
			dependencies = (
				191E848F2396A542002E1DAD /* PBXTargetDependency */,
			);
			name = doaTests;
			productName = doaTests;
			productReference = 191E848D2396A542002E1DAD /* doaTests.xctest */;
			productType = "com.apple.product-type.bundle.unit-test";
		};
		191E84972396A542002E1DAD /* doaUITests */ = {
			isa = PBXNativeTarget;
			buildConfigurationList = 191E84A72396A542002E1DAD /* Build configuration list for PBXNativeTarget "doaUITests" */;
			buildPhases = (
				191E84942396A542002E1DAD /* Sources */,
				191E84952396A542002E1DAD /* Frameworks */,
				191E84962396A542002E1DAD /* Resources */,
			);
			buildRules = (
			);
			dependencies = (
				191E849A2396A542002E1DAD /* PBXTargetDependency */,
			);
			name = doaUITests;
			productName = doaUITests;
			productReference = 191E84982396A542002E1DAD /* doaUITests.xctest */;
			productType = "com.apple.product-type.bundle.ui-testing";
		};
/* End PBXNativeTarget section */

/* Begin PBXProject section */
		191E846F2396A541002E1DAD /* Project object */ = {
			isa = PBXProject;
			attributes = {
				LastSwiftUpdateCheck = 1120;
				LastUpgradeCheck = 1120;
				ORGANIZATIONNAME = "RCTI+";
				TargetAttributes = {
					191E84762396A541002E1DAD = {
						CreatedOnToolsVersion = 11.2.1;
					};
					191E848C2396A542002E1DAD = {
						CreatedOnToolsVersion = 11.2.1;
						TestTargetID = 191E84762396A541002E1DAD;
					};
					191E84972396A542002E1DAD = {
						CreatedOnToolsVersion = 11.2.1;
						TestTargetID = 191E84762396A541002E1DAD;
					};
				};
			};
			buildConfigurationList = 191E84722396A541002E1DAD /* Build configuration list for PBXProject "doa" */;
			compatibilityVersion = "Xcode 9.3";
			developmentRegion = en;
			hasScannedForEncodings = 0;
			knownRegions = (
				en,
				Base,
			);
			mainGroup = 191E846E2396A541002E1DAD;
			productRefGroup = 191E84782396A541002E1DAD /* Products */;
			projectDirPath = "";
			projectRoot = "";
			targets = (
				191E84762396A541002E1DAD /* doa */,
				191E848C2396A542002E1DAD /* doaTests */,
				191E84972396A542002E1DAD /* doaUITests */,
			);
		};
/* End PBXProject section */

/* Begin PBXResourcesBuildPhase section */
		191E84752396A541002E1DAD /* Resources */ = {
			isa = PBXResourcesBuildPhase;
			buildActionMask = 2147483647;
			files = (
				191E84872396A542002E1DAD /* LaunchScreen.storyboard in Resources */,
				191E84842396A542002E1DAD /* Preview Assets.xcassets in Resources */,
				191E84812396A542002E1DAD /* Assets.xcassets in Resources */,
			);
			runOnlyForDeploymentPostprocessing = 0;
		};
		191E848B2396A542002E1DAD /* Resources */ = {
			isa = PBXResourcesBuildPhase;
			buildActionMask = 2147483647;
			files = (
			);
			runOnlyForDeploymentPostprocessing = 0;
		};
		191E84962396A542002E1DAD /* Resources */ = {
			isa = PBXResourcesBuildPhase;
			buildActionMask = 2147483647;
			files = (
			);
			runOnlyForDeploymentPostprocessing = 0;
		};
/* End PBXResourcesBuildPhase section */

/* Begin PBXSourcesBuildPhase section */
		191E84732396A541002E1DAD /* Sources */ = {
			isa = PBXSourcesBuildPhase;
			buildActionMask = 2147483647;
			files = (
				191E847B2396A541002E1DAD /* AppDelegate.swift in Sources */,
				191E847D2396A541002E1DAD /* SceneDelegate.swift in Sources */,
				191E847F2396A541002E1DAD /* AuthView.swift in Sources */,
				19ADAB8D239954B400D2AA70 /* PasswordView.swift in Sources */,
			);
			runOnlyForDeploymentPostprocessing = 0;
		};
		191E84892396A542002E1DAD /* Sources */ = {
			isa = PBXSourcesBuildPhase;
			buildActionMask = 2147483647;
			files = (
				191E84922396A542002E1DAD /* doaTests.swift in Sources */,
			);
			runOnlyForDeploymentPostprocessing = 0;
		};
		191E84942396A542002E1DAD /* Sources */ = {
			isa = PBXSourcesBuildPhase;
			buildActionMask = 2147483647;
			files = (
				191E849D2396A542002E1DAD /* doaUITests.swift in Sources */,
			);
			runOnlyForDeploymentPostprocessing = 0;
		};
/* End PBXSourcesBuildPhase section */

/* Begin PBXTargetDependency section */
		191E848F2396A542002E1DAD /* PBXTargetDependency */ = {
			isa = PBXTargetDependency;
			target = 191E84762396A541002E1DAD /* doa */;
			targetProxy = 191E848E2396A542002E1DAD /* PBXContainerItemProxy */;
		};
		191E849A2396A542002E1DAD /* PBXTargetDependency */ = {
			isa = PBXTargetDependency;
			target = 191E84762396A541002E1DAD /* doa */;
			targetProxy = 191E84992396A542002E1DAD /* PBXContainerItemProxy */;
		};
/* End PBXTargetDependency section */

/* Begin PBXVariantGroup section */
		191E84852396A542002E1DAD /* LaunchScreen.storyboard */ = {
			isa = PBXVariantGroup;
			children = (
				191E84862396A542002E1DAD /* Base */,
			);
			name = LaunchScreen.storyboard;
			sourceTree = "<group>";
		};
/* End PBXVariantGroup section */

/* Begin XCBuildConfiguration section */
		191E849F2396A542002E1DAD /* Debug */ = {
			isa = XCBuildConfiguration;
			buildSettings = {
				ALWAYS_SEARCH_USER_PATHS = NO;
				CLANG_ANALYZER_NONNULL = YES;
				CLANG_ANALYZER_NUMBER_OBJECT_CONVERSION = YES_AGGRESSIVE;
				CLANG_CXX_LANGUAGE_STANDARD = "gnu++14";
				CLANG_CXX_LIBRARY = "libc++";
				CLANG_ENABLE_MODULES = YES;
				CLANG_ENABLE_OBJC_ARC = YES;
				CLANG_ENABLE_OBJC_WEAK = YES;
				CLANG_WARN_BLOCK_CAPTURE_AUTORELEASING = YES;
				CLANG_WARN_BOOL_CONVERSION = YES;
				CLANG_WARN_COMMA = YES;
				CLANG_WARN_CONSTANT_CONVERSION = YES;
				CLANG_WARN_DEPRECATED_OBJC_IMPLEMENTATIONS = YES;
				CLANG_WARN_DIRECT_OBJC_ISA_USAGE = YES_ERROR;
				CLANG_WARN_DOCUMENTATION_COMMENTS = YES;
				CLANG_WARN_EMPTY_BODY = YES;
				CLANG_WARN_ENUM_CONVERSION = YES;
				CLANG_WARN_INFINITE_RECURSION = YES;
				CLANG_WARN_INT_CONVERSION = YES;
				CLANG_WARN_NON_LITERAL_NULL_CONVERSION = YES;
				CLANG_WARN_OBJC_IMPLICIT_RETAIN_SELF = YES;
				CLANG_WARN_OBJC_LITERAL_CONVERSION = YES;
				CLANG_WARN_OBJC_ROOT_CLASS = YES_ERROR;
				CLANG_WARN_RANGE_LOOP_ANALYSIS = YES;
				CLANG_WARN_STRICT_PROTOTYPES = YES;
				CLANG_WARN_SUSPICIOUS_MOVE = YES;
				CLANG_WARN_UNGUARDED_AVAILABILITY = YES_AGGRESSIVE;
				CLANG_WARN_UNREACHABLE_CODE = YES;
				CLANG_WARN__DUPLICATE_METHOD_MATCH = YES;
				COPY_PHASE_STRIP = NO;
				DEBUG_INFORMATION_FORMAT = dwarf;
				ENABLE_STRICT_OBJC_MSGSEND = YES;
				ENABLE_TESTABILITY = YES;
				GCC_C_LANGUAGE_STANDARD = gnu11;
				GCC_DYNAMIC_NO_PIC = NO;
				GCC_NO_COMMON_BLOCKS = YES;
				GCC_OPTIMIZATION_LEVEL = 0;
				GCC_PREPROCESSOR_DEFINITIONS = (
					"DEBUG=1",
					"$(inherited)",
				);
				GCC_WARN_64_TO_32_BIT_CONVERSION = YES;
				GCC_WARN_ABOUT_RETURN_TYPE = YES_ERROR;
				GCC_WARN_UNDECLARED_SELECTOR = YES;
				GCC_WARN_UNINITIALIZED_AUTOS = YES_AGGRESSIVE;
				GCC_WARN_UNUSED_FUNCTION = YES;
				GCC_WARN_UNUSED_VARIABLE = YES;
				IPHONEOS_DEPLOYMENT_TARGET = 13.2;
				MTL_ENABLE_DEBUG_INFO = INCLUDE_SOURCE;
				MTL_FAST_MATH = YES;
				ONLY_ACTIVE_ARCH = YES;
				SDKROOT = iphoneos;
				SWIFT_ACTIVE_COMPILATION_CONDITIONS = DEBUG;
				SWIFT_OPTIMIZATION_LEVEL = "-Onone";
			};
			name = Debug;
		};
		191E84A02396A542002E1DAD /* Release */ = {
			isa = XCBuildConfiguration;
			buildSettings = {
				ALWAYS_SEARCH_USER_PATHS = NO;
				CLANG_ANALYZER_NONNULL = YES;
				CLANG_ANALYZER_NUMBER_OBJECT_CONVERSION = YES_AGGRESSIVE;
				CLANG_CXX_LANGUAGE_STANDARD = "gnu++14";
				CLANG_CXX_LIBRARY = "libc++";
				CLANG_ENABLE_MODULES = YES;
				CLANG_ENABLE_OBJC_ARC = YES;
				CLANG_ENABLE_OBJC_WEAK = YES;
				CLANG_WARN_BLOCK_CAPTURE_AUTORELEASING = YES;
				CLANG_WARN_BOOL_CONVERSION = YES;
				CLANG_WARN_COMMA = YES;
				CLANG_WARN_CONSTANT_CONVERSION = YES;
				CLANG_WARN_DEPRECATED_OBJC_IMPLEMENTATIONS = YES;
				CLANG_WARN_DIRECT_OBJC_ISA_USAGE = YES_ERROR;
				CLANG_WARN_DOCUMENTATION_COMMENTS = YES;
				CLANG_WARN_EMPTY_BODY = YES;
				CLANG_WARN_ENUM_CONVERSION = YES;
				CLANG_WARN_INFINITE_RECURSION = YES;
				CLANG_WARN_INT_CONVERSION = YES;
				CLANG_WARN_NON_LITERAL_NULL_CONVERSION = YES;
				CLANG_WARN_OBJC_IMPLICIT_RETAIN_SELF = YES;
				CLANG_WARN_OBJC_LITERAL_CONVERSION = YES;
				CLANG_WARN_OBJC_ROOT_CLASS = YES_ERROR;
				CLANG_WARN_RANGE_LOOP_ANALYSIS = YES;
				CLANG_WARN_STRICT_PROTOTYPES = YES;
				CLANG_WARN_SUSPICIOUS_MOVE = YES;
				CLANG_WARN_UNGUARDED_AVAILABILITY = YES_AGGRESSIVE;
				CLANG_WARN_UNREACHABLE_CODE = YES;
				CLANG_WARN__DUPLICATE_METHOD_MATCH = YES;
				COPY_PHASE_STRIP = NO;
				DEBUG_INFORMATION_FORMAT = "dwarf-with-dsym";
				ENABLE_NS_ASSERTIONS = NO;
				ENABLE_STRICT_OBJC_MSGSEND = YES;
				GCC_C_LANGUAGE_STANDARD = gnu11;
				GCC_NO_COMMON_BLOCKS = YES;
				GCC_WARN_64_TO_32_BIT_CONVERSION = YES;
				GCC_WARN_ABOUT_RETURN_TYPE = YES_ERROR;
				GCC_WARN_UNDECLARED_SELECTOR = YES;
				GCC_WARN_UNINITIALIZED_AUTOS = YES_AGGRESSIVE;
				GCC_WARN_UNUSED_FUNCTION = YES;
				GCC_WARN_UNUSED_VARIABLE = YES;
				IPHONEOS_DEPLOYMENT_TARGET = 13.2;
				MTL_ENABLE_DEBUG_INFO = NO;
				MTL_FAST_MATH = YES;
				SDKROOT = iphoneos;
				SWIFT_COMPILATION_MODE = wholemodule;
				SWIFT_OPTIMIZATION_LEVEL = "-O";
				VALIDATE_PRODUCT = YES;
			};
			name = Release;
		};
		191E84A22396A542002E1DAD /* Debug */ = {
			isa = XCBuildConfiguration;
			buildSettings = {
				ASSETCATALOG_COMPILER_APPICON_NAME = AppIcon;
				CODE_SIGN_STYLE = Automatic;
				DEVELOPMENT_ASSET_PATHS = "\"doa/Preview Content\"";
				DEVELOPMENT_TEAM = 5RJZVQDNTA;
				ENABLE_PREVIEWS = YES;
				INFOPLIST_FILE = doa/Info.plist;
				LD_RUNPATH_SEARCH_PATHS = (
					"$(inherited)",
					"@executable_path/Frameworks",
				);
				PRODUCT_BUNDLE_IDENTIFIER = dev.doa.ai;
				PRODUCT_NAME = "$(TARGET_NAME)";
				SWIFT_VERSION = 5.0;
				TARGETED_DEVICE_FAMILY = "1,2";
			};
			name = Debug;
		};
		191E84A32396A542002E1DAD /* Release */ = {
			isa = XCBuildConfiguration;
			buildSettings = {
				ASSETCATALOG_COMPILER_APPICON_NAME = AppIcon;
				CODE_SIGN_STYLE = Automatic;
				DEVELOPMENT_ASSET_PATHS = "\"doa/Preview Content\"";
				DEVELOPMENT_TEAM = 5RJZVQDNTA;
				ENABLE_PREVIEWS = YES;
				INFOPLIST_FILE = doa/Info.plist;
				LD_RUNPATH_SEARCH_PATHS = (
					"$(inherited)",
					"@executable_path/Frameworks",
				);
				PRODUCT_BUNDLE_IDENTIFIER = doa.ai;
				PRODUCT_NAME = "$(TARGET_NAME)";
				SWIFT_VERSION = 5.0;
				TARGETED_DEVICE_FAMILY = "1,2";
			};
			name = Release;
		};
		191E84A52396A542002E1DAD /* Debug */ = {
			isa = XCBuildConfiguration;
			buildSettings = {
				ALWAYS_EMBED_SWIFT_STANDARD_LIBRARIES = YES;
				BUNDLE_LOADER = "$(TEST_HOST)";
				CODE_SIGN_STYLE = Automatic;
				DEVELOPMENT_TEAM = 5RJZVQDNTA;
				INFOPLIST_FILE = doaTests/Info.plist;
				IPHONEOS_DEPLOYMENT_TARGET = 13.2;
				LD_RUNPATH_SEARCH_PATHS = (
					"$(inherited)",
					"@executable_path/Frameworks",
					"@loader_path/Frameworks",
				);
				PRODUCT_BUNDLE_IDENTIFIER = doa.ai.doaTests;
				PRODUCT_NAME = "$(TARGET_NAME)";
				SWIFT_VERSION = 5.0;
				TARGETED_DEVICE_FAMILY = "1,2";
				TEST_HOST = "$(BUILT_PRODUCTS_DIR)/doa.app/doa";
			};
			name = Debug;
		};
		191E84A62396A542002E1DAD /* Release */ = {
			isa = XCBuildConfiguration;
			buildSettings = {
				ALWAYS_EMBED_SWIFT_STANDARD_LIBRARIES = YES;
				BUNDLE_LOADER = "$(TEST_HOST)";
				CODE_SIGN_STYLE = Automatic;
				DEVELOPMENT_TEAM = 5RJZVQDNTA;
				INFOPLIST_FILE = doaTests/Info.plist;
				IPHONEOS_DEPLOYMENT_TARGET = 13.2;
				LD_RUNPATH_SEARCH_PATHS = (
					"$(inherited)",
					"@executable_path/Frameworks",
					"@loader_path/Frameworks",
				);
				PRODUCT_BUNDLE_IDENTIFIER = doa.ai.doaTests;
				PRODUCT_NAME = "$(TARGET_NAME)";
				SWIFT_VERSION = 5.0;
				TARGETED_DEVICE_FAMILY = "1,2";
				TEST_HOST = "$(BUILT_PRODUCTS_DIR)/doa.app/doa";
			};
			name = Release;
		};
		191E84A82396A542002E1DAD /* Debug */ = {
			isa = XCBuildConfiguration;
			buildSettings = {
				ALWAYS_EMBED_SWIFT_STANDARD_LIBRARIES = YES;
				CODE_SIGN_STYLE = Automatic;
				DEVELOPMENT_TEAM = 5RJZVQDNTA;
				INFOPLIST_FILE = doaUITests/Info.plist;
				LD_RUNPATH_SEARCH_PATHS = (
					"$(inherited)",
					"@executable_path/Frameworks",
					"@loader_path/Frameworks",
				);
				PRODUCT_BUNDLE_IDENTIFIER = doa.ai.doaUITests;
				PRODUCT_NAME = "$(TARGET_NAME)";
				SWIFT_VERSION = 5.0;
				TARGETED_DEVICE_FAMILY = "1,2";
				TEST_TARGET_NAME = doa;
			};
			name = Debug;
		};
		191E84A92396A542002E1DAD /* Release */ = {
			isa = XCBuildConfiguration;
			buildSettings = {
				ALWAYS_EMBED_SWIFT_STANDARD_LIBRARIES = YES;
				CODE_SIGN_STYLE = Automatic;
				DEVELOPMENT_TEAM = 5RJZVQDNTA;
				INFOPLIST_FILE = doaUITests/Info.plist;
				LD_RUNPATH_SEARCH_PATHS = (
					"$(inherited)",
					"@executable_path/Frameworks",
					"@loader_path/Frameworks",
				);
				PRODUCT_BUNDLE_IDENTIFIER = doa.ai.doaUITests;
				PRODUCT_NAME = "$(TARGET_NAME)";
				SWIFT_VERSION = 5.0;
				TARGETED_DEVICE_FAMILY = "1,2";
				TEST_TARGET_NAME = doa;
			};
			name = Release;
		};
/* End XCBuildConfiguration section */

/* Begin XCConfigurationList section */
		191E84722396A541002E1DAD /* Build configuration list for PBXProject "doa" */ = {
			isa = XCConfigurationList;
			buildConfigurations = (
				191E849F2396A542002E1DAD /* Debug */,
				191E84A02396A542002E1DAD /* Release */,
			);
			defaultConfigurationIsVisible = 0;
			defaultConfigurationName = Release;
		};
		191E84A12396A542002E1DAD /* Build configuration list for PBXNativeTarget "doa" */ = {
			isa = XCConfigurationList;
			buildConfigurations = (
				191E84A22396A542002E1DAD /* Debug */,
				191E84A32396A542002E1DAD /* Release */,
			);
			defaultConfigurationIsVisible = 0;
			defaultConfigurationName = Release;
		};
		191E84A42396A542002E1DAD /* Build configuration list for PBXNativeTarget "doaTests" */ = {
			isa = XCConfigurationList;
			buildConfigurations = (
				191E84A52396A542002E1DAD /* Debug */,
				191E84A62396A542002E1DAD /* Release */,
			);
			defaultConfigurationIsVisible = 0;
			defaultConfigurationName = Release;
		};
		191E84A72396A542002E1DAD /* Build configuration list for PBXNativeTarget "doaUITests" */ = {
			isa = XCConfigurationList;
			buildConfigurations = (
				191E84A82396A542002E1DAD /* Debug */,
				191E84A92396A542002E1DAD /* Release */,
			);
			defaultConfigurationIsVisible = 0;
			defaultConfigurationName = Release;
		};
/* End XCConfigurationList section */
	};
	rootObject = 191E846F2396A541002E1DAD /* Project object */;
}
